PODS:
  - AdColony (4.9.0)
  - Ads-Global (4.3.1.9):
    - Ads-Global/BUAdSDK (= 4.3.1.9)
  - Ads-Global/APM (4.3.1.9):
    - RangersAPM-Pangle/Crash (= 2.3.2-pangle)
    - RangersAPM-Pangle/Global (= 2.3.2-pangle)
    - RangersAPM-Pangle/SessionTracker (= 2.3.2-pangle)
  - Ads-Global/BUAdSDK (4.3.1.9):
    - Ads-Global/BUFoundation
    - Ads-Global/International
  - Ads-Global/BUFoundation (4.3.1.9):
    - BURelyFoundation_Global (= 0.0.1.57)
  - Ads-Global/International (4.3.1.9):
    - Ads-Global/APM
    - Ads-Global/BUFoundation
  - AmazonPublisherServicesSDK (4.4.3)
  - BidMachine (2.0.0.6):
    - BidMachineAnalyticsCore (~> 0.1.1)
    - BidMachineApiCore (~> 0.0.4)
    - BidMachineBiddingCore (~> 0.0.3)
    - BidMachineDisplayCore (~> 0.1.2)
    - BidMachineNetworkCore (~> 0.0.2)
    - StackIAB (~> 2.0.7)
    - StackModules (~> 1.4.1)
  - BidMachineAdColonyAdapter (2.0.0.1):
    - AdColony (= 4.9.0)
    - BidMachine (~> 2.0.0.0)
  - BidMachineAmazonAdapter (2.0.0.1):
    - AmazonPublisherServicesSDK (= 4.4.3)
    - BidMachine (~> 2.0.0.0)
  - BidMachineAnalyticsCore (0.1.1):
    - BidMachineApiCore (~> 0.0.4)
    - BidMachineNetworkCore (~> 0.0.2)
  - BidMachineApiCore (0.0.4)
  - BidMachineBiddingCore (0.0.3):
    - BidMachineApiCore (~> 0.0.4)
  - BidMachineCriteoAdapter (2.0.0.1):
    - BidMachine (~> 2.0.0.0)
    - CriteoPublisherSdk (= 4.5.0)
  - BidMachineDisplayCore (0.1.2):
    - BidMachineBiddingCore (~> 0.0.3)
  - BidMachineMetaAudienceAdapter (2.0.0.3):
    - BidMachine (~> 2.0.0.0)
    - FBAudienceNetwork (= 6.12.0)
  - BidMachineMyTargetAdapter (2.0.0.4):
    - BidMachine (~> 2.0.0.0)
    - myTargetSDK (= 5.17.3)
  - BidMachineNetworkCore (0.0.2):
    - BidMachineApiCore (~> 0.0.4)
  - BidMachinePangleAdapter (2.0.0.1):
    - Ads-Global (= 4.3.1.9)
    - BidMachine (~> 2.0.0.0)
  - BidMachineSmaatoAdapter (2.0.0.3):
    - BidMachine (~> 2.0.0.0)
    - smaato-ios-sdk (= 21.7.8)
    - smaato-ios-sdk/Modules/UnifiedBidding (= 21.7.8)
  - BidMachineTapjoyAdapter (2.0.0.1):
    - BidMachine (~> 2.0.0.0)
    - TapjoySDK (= 12.10.0)
  - BidMachineVungleAdapter (2.0.0.2):
    - BidMachine (~> 2.0.0.0)
    - VungleSDK-iOS (= 6.12.1)
  - BURelyFoundation_Global (0.0.1.57):
    - BURelyFoundation_Global/NETWork (= 0.0.1.57)
  - BURelyFoundation_Global/NETWork (0.0.1.57)
  - CriteoPublisherSdk (4.5.0):
    - CriteoPublisherSdk/Sdk (= 4.5.0)
  - CriteoPublisherSdk/Sdk (4.5.0)
  - FBAudienceNetwork (6.12.0)
  - myTargetSDK (5.17.3):
    - myTrackerSDK (~> 3.0.3)
  - myTrackerSDK (3.0.8)
  - OMSDK_Appodeal (1.4.2.0)
  - OneKit-Pangle/BaseKit (1.1.21-pangle)
  - OneKit-Pangle/Database (1.1.21-pangle):
    - OneKit-Pangle/Service
  - OneKit-Pangle/Service (1.1.21-pangle)
  - RangersAPM-Pangle/Core (2.3.2-pangle):
    - OneKit-Pangle/BaseKit (= 1.1.21-pangle)
  - RangersAPM-Pangle/Crash (2.3.2-pangle):
    - RangersAPM-Pangle/Core
    - RangersAPM-Pangle/HMD
    - RangersAPM-Pangle/Public
  - RangersAPM-Pangle/Global (2.3.2-pangle):
    - RangersAPM-Pangle/Core
    - RangersAPM-Pangle/Public
  - RangersAPM-Pangle/HMD (2.3.2-pangle):
    - OneKit-Pangle/Database (= 1.1.21-pangle)
    - RangersAPM-Pangle/Core
  - RangersAPM-Pangle/Public (2.3.2-pangle):
    - RangersAPM-Pangle/Core
  - RangersAPM-Pangle/SessionTracker (2.3.2-pangle):
    - RangersAPM-Pangle/Core
    - RangersAPM-Pangle/HMD
    - RangersAPM-Pangle/Public
  - smaato-ios-sdk (21.7.8):
    - smaato-ios-sdk/Full (= 21.7.8)
  - smaato-ios-sdk/Banner (21.7.8):
    - smaato-ios-sdk/Modules/Banner
    - smaato-ios-sdk/Modules/Core
    - smaato-ios-sdk/Modules/RichMedia
  - smaato-ios-sdk/Full (21.7.8):
    - smaato-ios-sdk/Banner
    - smaato-ios-sdk/Interstitial
    - smaato-ios-sdk/Native
    - smaato-ios-sdk/Outstream
    - smaato-ios-sdk/RewardedAds
  - smaato-ios-sdk/Interstitial (21.7.8):
    - smaato-ios-sdk/Modules/Interstitial
    - smaato-ios-sdk/Modules/RichMedia
    - smaato-ios-sdk/Modules/Video
  - smaato-ios-sdk/Modules/Banner (21.7.8):
    - smaato-ios-sdk/Modules/Core
  - smaato-ios-sdk/Modules/Core (21.7.8)
  - smaato-ios-sdk/Modules/Interstitial (21.7.8):
    - smaato-ios-sdk/Modules/Core
  - smaato-ios-sdk/Modules/Native (21.7.8):
    - smaato-ios-sdk/Modules/Core
  - smaato-ios-sdk/Modules/OpenMeasurement (21.7.8):
    - smaato-ios-sdk/Modules/Core
  - smaato-ios-sdk/Modules/Outstream (21.7.8):
    - smaato-ios-sdk/Modules/Banner
    - smaato-ios-sdk/Modules/Core
    - smaato-ios-sdk/Modules/RichMedia
  - smaato-ios-sdk/Modules/RewardedAds (21.7.8):
    - smaato-ios-sdk/Modules/Core
  - smaato-ios-sdk/Modules/RichMedia (21.7.8):
    - smaato-ios-sdk/Modules/Core
    - smaato-ios-sdk/Modules/OpenMeasurement
  - smaato-ios-sdk/Modules/UnifiedBidding (21.7.8):
    - smaato-ios-sdk/Modules/Core
  - smaato-ios-sdk/Modules/Video (21.7.8):
    - smaato-ios-sdk/Modules/Core
    - smaato-ios-sdk/Modules/OpenMeasurement
  - smaato-ios-sdk/Native (21.7.8):
    - smaato-ios-sdk/Modules/Core
    - smaato-ios-sdk/Modules/Native
  - smaato-ios-sdk/Outstream (21.7.8):
    - smaato-ios-sdk/Modules/Outstream
  - smaato-ios-sdk/RewardedAds (21.7.8):
    - smaato-ios-sdk/Modules/RewardedAds
    - smaato-ios-sdk/Modules/Video
  - StackIAB (2.0.7):
    - StackIAB/StackIABAssets (= 2.0.7)
    - StackIAB/StackMRAIDKit (= 2.0.7)
    - StackIAB/StackNASTKit (= 2.0.7)
    - StackIAB/StackOpenMeasure (= 2.0.7)
    - StackIAB/StackRichMedia (= 2.0.7)
    - StackIAB/StackVASTAssets (= 2.0.7)
    - StackIAB/StackVASTKit (= 2.0.7)
    - StackIAB/StackVideoPlayer (= 2.0.7)
    - StackIAB/StackXML (= 2.0.7)
    - StackModules (~> 1.4.1)
  - StackIAB/StackIABAssets (2.0.7):
    - StackModules (~> 1.4.1)
  - StackIAB/StackMRAIDKit (2.0.7):
    - StackIAB/StackIABAssets
    - StackIAB/StackOpenMeasure
    - StackModules (~> 1.4.1)
  - StackIAB/StackNASTKit (2.0.7):
    - StackIAB/StackVASTKit
    - StackModules (~> 1.4.1)
  - StackIAB/StackOpenMeasure (2.0.7):
    - OMSDK_Appodeal (~> 1.4.2.0)
    - StackModules (~> 1.4.1)
  - StackIAB/StackRichMedia (2.0.7):
    - StackIAB/StackIABAssets
    - StackIAB/StackVASTAssets
    - StackIAB/StackVideoPlayer
    - StackModules (~> 1.4.1)
  - StackIAB/StackVASTAssets (2.0.7):
    - StackIAB/StackIABAssets
    - StackIAB/StackXML
    - StackModules (~> 1.4.1)
  - StackIAB/StackVASTKit (2.0.7):
    - StackIAB/StackMRAIDKit
    - StackIAB/StackVASTAssets
    - StackIAB/StackVideoPlayer
    - StackModules (~> 1.4.1)
  - StackIAB/StackVideoPlayer (2.0.7):
    - StackModules (~> 1.4.1)
  - StackIAB/StackXML (2.0.7):
    - StackModules (~> 1.4.1)
  - StackModules (1.4.1):
    - StackModules/StackProductPresentation (= 1.4.1)
  - StackModules/StackFoundation (1.4.1)
  - StackModules/StackProductPresentation (1.4.1):
    - StackModules/StackUIKit
  - StackModules/StackUIKit (1.4.1):
    - StackModules/StackFoundation
  - TapjoySDK (12.10.0)
  - VungleSDK-iOS (6.12.1)

DEPENDENCIES:
  - BidMachineAdColonyAdapter (~> 2.0.0.0)
  - BidMachineAmazonAdapter (~> 2.0.0.0)
  - BidMachineCriteoAdapter (~> 2.0.0.0)
  - BidMachineMetaAudienceAdapter (~> 2.0.0.0)
  - BidMachineMyTargetAdapter (~> 2.0.0.2)
  - BidMachinePangleAdapter (~> 2.0.0.0)
  - BidMachineSmaatoAdapter (~> 2.0.0.0)
  - BidMachineTapjoyAdapter (~> 2.0.0.0)
  - BidMachineVungleAdapter (~> 2.0.0.1)

SPEC REPOS:
  trunk:
    - AdColony
    - Ads-Global
    - AmazonPublisherServicesSDK
    - BidMachine
    - BidMachineAdColonyAdapter
    - BidMachineAmazonAdapter
    - BidMachineAnalyticsCore
    - BidMachineApiCore
    - BidMachineBiddingCore
    - BidMachineCriteoAdapter
    - BidMachineDisplayCore
    - BidMachineMetaAudienceAdapter
    - BidMachineMyTargetAdapter
    - BidMachineNetworkCore
    - BidMachinePangleAdapter
    - BidMachineSmaatoAdapter
    - BidMachineTapjoyAdapter
    - BidMachineVungleAdapter
    - BURelyFoundation_Global
    - CriteoPublisherSdk
    - FBAudienceNetwork
    - myTargetSDK
    - myTrackerSDK
    - OMSDK_Appodeal
    - OneKit-Pangle
    - RangersAPM-Pangle
    - smaato-ios-sdk
    - StackIAB
    - StackModules
    - TapjoySDK
    - VungleSDK-iOS

SPEC CHECKSUMS:
  AdColony: 4f3738dc633d7aaa8ec60729df973076cc8e97ed
  Ads-Global: 167ddabcf74a82c41f7074dc286697418ee22b60
  AmazonPublisherServicesSDK: cd88ef55d5afaa6483bcb04b977e1585a95f9211
  BidMachine: 755b9dd2095cec74662f2ae6f49453d7543c89ef
  BidMachineAdColonyAdapter: 4743180ec58307d8dd11bdd266980ff0dd7309e8
  BidMachineAmazonAdapter: 035fbd91d6869b46a6450aeb82aa4afb81969658
  BidMachineAnalyticsCore: 10689e8615050035dad4482cc1eb1f32ca973c6d
  BidMachineApiCore: 329f57fe980e0214e10ae2a0d4901227d0a3f89a
  BidMachineBiddingCore: 1f239c2a25477a40c92d02f356a455bcb60d1a67
  BidMachineCriteoAdapter: 5a3d2496b56b2a717342b4186908fc5940deaae0
  BidMachineDisplayCore: 9ca2e97053a8d799d44550c7f6571b748363d687
  BidMachineMetaAudienceAdapter: e15fa626273c21922212d55e9cc3511560d03f89
  BidMachineMyTargetAdapter: f477b6d85876b5f200046dc0de2644f5b1eba29f
  BidMachineNetworkCore: 9f9737ced43b4309edca2a96e50d0f90f467ed72
  BidMachinePangleAdapter: 03fdbc75e9f8d505d7c257a3561f26d950c96ba0
  BidMachineSmaatoAdapter: 08527115d30d9962bb8e40bb26bb13d72449d2e0
  BidMachineTapjoyAdapter: e89eea170e8fcf4aa294e612588e1c1a2383e99b
  BidMachineVungleAdapter: 5ac1dd79b1b00116c17aa82f7239ea54b2e7de5b
  BURelyFoundation_Global: 5b03b5340630fa62fb9cd6eac52c5f57d4b0c17b
  CriteoPublisherSdk: 26f16f975d6c0392ee7060626268e2f2d7ed2d82
  FBAudienceNetwork: e0fcc9091fced34910ed0b6da06f129db46ac9e6
  myTargetSDK: 864817f25f04dcaf606454126288edb87b688aac
  myTrackerSDK: df675bf18db63d9a426bd00d6c3dec4ba4bea57e
  OMSDK_Appodeal: c3e648a353665dc4c0a8235d6e7efa66b8277ab5
  OneKit-Pangle: 68a778c39d36ed8feffd667a6b49225427bcf286
  RangersAPM-Pangle: 97c8fe91af08574a739cc72a714b735efb6c891f
  smaato-ios-sdk: f2c145efd3e3e322795d892c9a88eb499339262a
  StackIAB: 17ee4cbe12d1aa6eb79f9a79b85375250bdd50fb
  StackModules: 4af7f0f2271c8210a6ee05ee0567740f22b31cb9
  TapjoySDK: 3dcd899e69eb3e36f231390c95c7105730619bcb
  VungleSDK-iOS: 1d3488d790daf7266d5930ca901f1c3188fb936d

PODFILE CHECKSUM: ff68cf4022a9bdc381bdf9c5dbdb2fd3bd8c5c97

COCOAPODS: 1.12.0
